
Microsoft Visual Studio Solution File, Format Version 11.00
# Visual Studio 2010
Project("{8BC9CEB8-8B4A-11D0-8D11-00A0C91BC942}") = "Programming_lab_6_2", "Programming_lab_6_2\Programming_lab_6_2.vcxproj", "{6E6C577C-8800-49FA-A42E-8A7986F8A2A3}"
EndProject
Global
	GlobalSection(SolutionConfigurationPlatforms) = preSolution
		Debug|Win32 = Debug|Win32
		Release|Win32 = Release|Win32
	EndGlobalSection
	GlobalSection(ProjectConfigurationPlatforms) = postSolution
		{6E6C577C-8800-49FA-A42E-8A7986F8A2A3}.Debug|Win32.ActiveCfg = Debug|Win32
		{6E6C577C-8800-49FA-A42E-8A7986F8A2A3}.Debug|Win32.Build.0 = Debug|Win32
		{6E6C577C-8800-49FA-A42E-8A7986F8A2A3}.Release|Win32.ActiveCfg = Release|Win32
		{6E6C577C-8800-49FA-A42E-8A7986F8A2A3}.Release|Win32.Build.0 = Release|Win32
	EndGlobalSection
	GlobalSection(SolutionProperties) = preSolution
		HideSolutionNode = FALSE
	EndGlobalSection
EndGlobal
